// !$*UTF8*$!
{
	archiveVersion = 1;
	classes = {
	};
	objectVersion = 56;
	objects = {

/* Begin PBXBuildFile section */
		9B0CC7A32904063500AD5F7C /* AppDelegate.swift in Sources */ = {isa = PBXBuildFile; fileRef = 9B0CC7A22904063500AD5F7C /* AppDelegate.swift */; };
		9B0CC7A52904063500AD5F7C /* SceneDelegate.swift in Sources */ = {isa = PBXBuildFile; fileRef = 9B0CC7A42904063500AD5F7C /* SceneDelegate.swift */; };
		9B0CC7A72904063500AD5F7C /* EmployeeListViewController.swift in Sources */ = {isa = PBXBuildFile; fileRef = 9B0CC7A62904063500AD5F7C /* EmployeeListViewController.swift */; };
		9B0CC7AC2904063500AD5F7C /* Assets.xcassets in Resources */ = {isa = PBXBuildFile; fileRef = 9B0CC7AB2904063500AD5F7C /* Assets.xcassets */; };
		9B0CC7AF2904063500AD5F7C /* LaunchScreen.storyboard in Resources */ = {isa = PBXBuildFile; fileRef = 9B0CC7AD2904063500AD5F7C /* LaunchScreen.storyboard */; };
		9B613938290BE1790031AF9A /* Cache.swift in Sources */ = {isa = PBXBuildFile; fileRef = 9B613937290BE1790031AF9A /* Cache.swift */; };
		9B656B36290554140080E97C /* EmployeeCell.swift in Sources */ = {isa = PBXBuildFile; fileRef = 9B656B35290554140080E97C /* EmployeeCell.swift */; };
		9B656B592905946F0080E97C /* TextConstants.swift in Sources */ = {isa = PBXBuildFile; fileRef = 9B656B582905946F0080E97C /* TextConstants.swift */; };
		9B733AC429041D5F00DCEB21 /* ModelData.swift in Sources */ = {isa = PBXBuildFile; fileRef = 9B733AC329041D5F00DCEB21 /* ModelData.swift */; };
		9B733AC62904204E00DCEB21 /* EmployeePresenter.swift in Sources */ = {isa = PBXBuildFile; fileRef = 9B733AC52904204E00DCEB21 /* EmployeePresenter.swift */; };
		9B9A5F5F2909786C003A4900 /* Company.swift in Sources */ = {isa = PBXBuildFile; fileRef = 9B9A5F5E2909786C003A4900 /* Company.swift */; };
		9B9A5F6129097875003A4900 /* Employee.swift in Sources */ = {isa = PBXBuildFile; fileRef = 9B9A5F6029097875003A4900 /* Employee.swift */; };
		9B9A5F6329097939003A4900 /* DataProvider.swift in Sources */ = {isa = PBXBuildFile; fileRef = 9B9A5F6229097939003A4900 /* DataProvider.swift */; };
		9BE7792F290FDB6C00A79073 /* EmployeeListViewControllerExtension.swift in Sources */ = {isa = PBXBuildFile; fileRef = 9BE7792E290FDB6C00A79073 /* EmployeeListViewControllerExtension.swift */; };
		9BE77931290FDC9000A79073 /* UIViewExtension.swift in Sources */ = {isa = PBXBuildFile; fileRef = 9BE77930290FDC9000A79073 /* UIViewExtension.swift */; };
		9BF606982906E7100037F532 /* NetworkConnectionService.swift in Sources */ = {isa = PBXBuildFile; fileRef = 9BF606972906E7100037F532 /* NetworkConnectionService.swift */; };
/* End PBXBuildFile section */

/* Begin PBXFileReference section */
		9B0CC79F2904063500AD5F7C /* AvitoEmployeesApp.app */ = {isa = PBXFileReference; explicitFileType = wrapper.application; includeInIndex = 0; path = AvitoEmployeesApp.app; sourceTree = BUILT_PRODUCTS_DIR; };
		9B0CC7A22904063500AD5F7C /* AppDelegate.swift */ = {isa = PBXFileReference; lastKnownFileType = sourcecode.swift; path = AppDelegate.swift; sourceTree = "<group>"; };
		9B0CC7A42904063500AD5F7C /* SceneDelegate.swift */ = {isa = PBXFileReference; lastKnownFileType = sourcecode.swift; path = SceneDelegate.swift; sourceTree = "<group>"; };
		9B0CC7A62904063500AD5F7C /* EmployeeListViewController.swift */ = {isa = PBXFileReference; lastKnownFileType = sourcecode.swift; path = EmployeeListViewController.swift; sourceTree = "<group>"; };
		9B0CC7AB2904063500AD5F7C /* Assets.xcassets */ = {isa = PBXFileReference; lastKnownFileType = folder.assetcatalog; path = Assets.xcassets; sourceTree = "<group>"; };
		9B0CC7AE2904063500AD5F7C /* Base */ = {isa = PBXFileReference; lastKnownFileType = file.storyboard; name = Base; path = Base.lproj/LaunchScreen.storyboard; sourceTree = "<group>"; };
		9B0CC7B02904063500AD5F7C /* Info.plist */ = {isa = PBXFileReference; lastKnownFileType = text.plist.xml; path = Info.plist; sourceTree = "<group>"; };
		9B613937290BE1790031AF9A /* Cache.swift */ = {isa = PBXFileReference; lastKnownFileType = sourcecode.swift; path = Cache.swift; sourceTree = "<group>"; };
		9B656B35290554140080E97C /* EmployeeCell.swift */ = {isa = PBXFileReference; lastKnownFileType = sourcecode.swift; path = EmployeeCell.swift; sourceTree = "<group>"; };
		9B656B582905946F0080E97C /* TextConstants.swift */ = {isa = PBXFileReference; lastKnownFileType = sourcecode.swift; path = TextConstants.swift; sourceTree = "<group>"; };
		9B733AC329041D5F00DCEB21 /* ModelData.swift */ = {isa = PBXFileReference; lastKnownFileType = sourcecode.swift; path = ModelData.swift; sourceTree = "<group>"; };
		9B733AC52904204E00DCEB21 /* EmployeePresenter.swift */ = {isa = PBXFileReference; lastKnownFileType = sourcecode.swift; path = EmployeePresenter.swift; sourceTree = "<group>"; };
		9B9A5F5E2909786C003A4900 /* Company.swift */ = {isa = PBXFileReference; lastKnownFileType = sourcecode.swift; path = Company.swift; sourceTree = "<group>"; };
		9B9A5F6029097875003A4900 /* Employee.swift */ = {isa = PBXFileReference; lastKnownFileType = sourcecode.swift; path = Employee.swift; sourceTree = "<group>"; };
		9B9A5F6229097939003A4900 /* DataProvider.swift */ = {isa = PBXFileReference; lastKnownFileType = sourcecode.swift; path = DataProvider.swift; sourceTree = "<group>"; };
		9BE7792E290FDB6C00A79073 /* EmployeeListViewControllerExtension.swift */ = {isa = PBXFileReference; lastKnownFileType = sourcecode.swift; path = EmployeeListViewControllerExtension.swift; sourceTree = "<group>"; };
		9BE77930290FDC9000A79073 /* UIViewExtension.swift */ = {isa = PBXFileReference; lastKnownFileType = sourcecode.swift; path = UIViewExtension.swift; sourceTree = "<group>"; };
		9BF606972906E7100037F532 /* NetworkConnectionService.swift */ = {isa = PBXFileReference; lastKnownFileType = sourcecode.swift; path = NetworkConnectionService.swift; sourceTree = "<group>"; };
/* End PBXFileReference section */

/* Begin PBXFrameworksBuildPhase section */
		9B0CC79C2904063500AD5F7C /* Frameworks */ = {
			isa = PBXFrameworksBuildPhase;
			buildActionMask = 2147483647;
			files = (
			);
			runOnlyForDeploymentPostprocessing = 0;
		};
/* End PBXFrameworksBuildPhase section */

/* Begin PBXGroup section */
		9B0CC7962904063500AD5F7C = {
			isa = PBXGroup;
			children = (
				9B0CC7A12904063500AD5F7C /* AvitoEmployeesApp */,
				9B0CC7A02904063500AD5F7C /* Products */,
			);
			sourceTree = "<group>";
		};
		9B0CC7A02904063500AD5F7C /* Products */ = {
			isa = PBXGroup;
			children = (
				9B0CC79F2904063500AD5F7C /* AvitoEmployeesApp.app */,
			);
			name = Products;
			sourceTree = "<group>";
		};
		9B0CC7A12904063500AD5F7C /* AvitoEmployeesApp */ = {
			isa = PBXGroup;
			children = (
				9BE77932290FDD2300A79073 /* Constants */,
				9BE7792D290FDB4000A79073 /* Extensions */,
				9B656B57290594520080E97C /* Services */,
				9B0CC7B8290406D200AD5F7C /* Presenter */,
				9B0CC7B7290406CD00AD5F7C /* Views */,
				9B0CC7B6290406C100AD5F7C /* Model */,
				9B0CC7A22904063500AD5F7C /* AppDelegate.swift */,
				9B0CC7A42904063500AD5F7C /* SceneDelegate.swift */,
				9B0CC7AB2904063500AD5F7C /* Assets.xcassets */,
				9B0CC7AD2904063500AD5F7C /* LaunchScreen.storyboard */,
				9B0CC7B02904063500AD5F7C /* Info.plist */,
			);
			path = AvitoEmployeesApp;
			sourceTree = "<group>";
		};
		9B0CC7B6290406C100AD5F7C /* Model */ = {
			isa = PBXGroup;
			children = (
				9B733AC329041D5F00DCEB21 /* ModelData.swift */,
				9B9A5F5E2909786C003A4900 /* Company.swift */,
				9B9A5F6029097875003A4900 /* Employee.swift */,
			);
			path = Model;
			sourceTree = "<group>";
		};
		9B0CC7B7290406CD00AD5F7C /* Views */ = {
			isa = PBXGroup;
			children = (
				9B0CC7A62904063500AD5F7C /* EmployeeListViewController.swift */,
				9B656B35290554140080E97C /* EmployeeCell.swift */,
			);
			path = Views;
			sourceTree = "<group>";
		};
		9B0CC7B8290406D200AD5F7C /* Presenter */ = {
			isa = PBXGroup;
			children = (
				9B733AC52904204E00DCEB21 /* EmployeePresenter.swift */,
			);
			path = Presenter;
			sourceTree = "<group>";
		};
		9B656B57290594520080E97C /* Services */ = {
			isa = PBXGroup;
			children = (
				9BF606972906E7100037F532 /* NetworkConnectionService.swift */,
				9B9A5F6229097939003A4900 /* DataProvider.swift */,
				9B613937290BE1790031AF9A /* Cache.swift */,
			);
			path = Services;
			sourceTree = "<group>";
		};
		9BE7792D290FDB4000A79073 /* Extensions */ = {
			isa = PBXGroup;
			children = (
				9BE7792E290FDB6C00A79073 /* EmployeeListViewControllerExtension.swift */,
				9BE77930290FDC9000A79073 /* UIViewExtension.swift */,
			);
			path = Extensions;
			sourceTree = "<group>";
		};
		9BE77932290FDD2300A79073 /* Constants */ = {
			isa = PBXGroup;
			children = (
				9B656B582905946F0080E97C /* TextConstants.swift */,
			);
			path = Constants;
			sourceTree = "<group>";
		};
/* End PBXGroup section */

/* Begin PBXNativeTarget section */
		9B0CC79E2904063500AD5F7C /* AvitoEmployeesApp */ = {
			isa = PBXNativeTarget;
			buildConfigurationList = 9B0CC7B32904063500AD5F7C /* Build configuration list for PBXNativeTarget "AvitoEmployeesApp" */;
			buildPhases = (
				9B0CC79B2904063500AD5F7C /* Sources */,
				9B0CC79C2904063500AD5F7C /* Frameworks */,
				9B0CC79D2904063500AD5F7C /* Resources */,
			);
			buildRules = (
			);
			dependencies = (
			);
			name = AvitoEmployeesApp;
			productName = AvitoEmployeesApp;
			productReference = 9B0CC79F2904063500AD5F7C /* AvitoEmployeesApp.app */;
			productType = "com.apple.product-type.application";
		};
/* End PBXNativeTarget section */

/* Begin PBXProject section */
		9B0CC7972904063500AD5F7C /* Project object */ = {
			isa = PBXProject;
			attributes = {
				BuildIndependentTargetsInParallel = 1;
				LastSwiftUpdateCheck = 1400;
				LastUpgradeCheck = 1400;
				TargetAttributes = {
					9B0CC79E2904063500AD5F7C = {
						CreatedOnToolsVersion = 14.0.1;
					};
				};
			};
			buildConfigurationList = 9B0CC79A2904063500AD5F7C /* Build configuration list for PBXProject "AvitoEmployeesApp" */;
			compatibilityVersion = "Xcode 14.0";
			developmentRegion = en;
			hasScannedForEncodings = 0;
			knownRegions = (
				en,
				Base,
			);
			mainGroup = 9B0CC7962904063500AD5F7C;
			productRefGroup = 9B0CC7A02904063500AD5F7C /* Products */;
			projectDirPath = "";
			projectRoot = "";
			targets = (
				9B0CC79E2904063500AD5F7C /* AvitoEmployeesApp */,
			);
		};
/* End PBXProject section */

/* Begin PBXResourcesBuildPhase section */
		9B0CC79D2904063500AD5F7C /* Resources */ = {
			isa = PBXResourcesBuildPhase;
			buildActionMask = 2147483647;
			files = (
				9B0CC7AF2904063500AD5F7C /* LaunchScreen.storyboard in Resources */,
				9B0CC7AC2904063500AD5F7C /* Assets.xcassets in Resources */,
			);
			runOnlyForDeploymentPostprocessing = 0;
		};
/* End PBXResourcesBuildPhase section */

/* Begin PBXSourcesBuildPhase section */
		9B0CC79B2904063500AD5F7C /* Sources */ = {
			isa = PBXSourcesBuildPhase;
			buildActionMask = 2147483647;
			files = (
				9BE77931290FDC9000A79073 /* UIViewExtension.swift in Sources */,
				9B0CC7A72904063500AD5F7C /* EmployeeListViewController.swift in Sources */,
				9B733AC429041D5F00DCEB21 /* ModelData.swift in Sources */,
				9B9A5F6129097875003A4900 /* Employee.swift in Sources */,
				9B9A5F5F2909786C003A4900 /* Company.swift in Sources */,
				9B0CC7A32904063500AD5F7C /* AppDelegate.swift in Sources */,
				9BE7792F290FDB6C00A79073 /* EmployeeListViewControllerExtension.swift in Sources */,
				9B613938290BE1790031AF9A /* Cache.swift in Sources */,
				9B9A5F6329097939003A4900 /* DataProvider.swift in Sources */,
				9B0CC7A52904063500AD5F7C /* SceneDelegate.swift in Sources */,
				9BF606982906E7100037F532 /* NetworkConnectionService.swift in Sources */,
				9B656B592905946F0080E97C /* TextConstants.swift in Sources */,
				9B733AC62904204E00DCEB21 /* EmployeePresenter.swift in Sources */,
				9B656B36290554140080E97C /* EmployeeCell.swift in Sources */,
			);
			runOnlyForDeploymentPostprocessing = 0;
		};
/* End PBXSourcesBuildPhase section */

/* Begin PBXVariantGroup section */
		9B0CC7AD2904063500AD5F7C /* LaunchScreen.storyboard */ = {
			isa = PBXVariantGroup;
			children = (
				9B0CC7AE2904063500AD5F7C /* Base */,
			);
			name = LaunchScreen.storyboard;
			sourceTree = "<group>";
		};
/* End PBXVariantGroup section */

/* Begin XCBuildConfiguration section */
		9B0CC7B12904063500AD5F7C /* Debug */ = {
			isa = XCBuildConfiguration;
			buildSettings = {
				ALWAYS_SEARCH_USER_PATHS = NO;
				CLANG_ANALYZER_NONNULL = YES;
				CLANG_ANALYZER_NUMBER_OBJECT_CONVERSION = YES_AGGRESSIVE;
				CLANG_CXX_LANGUAGE_STANDARD = "gnu++20";
				CLANG_ENABLE_MODULES = YES;
				CLANG_ENABLE_OBJC_ARC = YES;
				CLANG_ENABLE_OBJC_WEAK = YES;
				CLANG_WARN_BLOCK_CAPTURE_AUTORELEASING = YES;
				CLANG_WARN_BOOL_CONVERSION = YES;
				CLANG_WARN_COMMA = YES;
				CLANG_WARN_CONSTANT_CONVERSION = YES;
				CLANG_WARN_DEPRECATED_OBJC_IMPLEMENTATIONS = YES;
				CLANG_WARN_DIRECT_OBJC_ISA_USAGE = YES_ERROR;
				CLANG_WARN_DOCUMENTATION_COMMENTS = YES;
				CLANG_WARN_EMPTY_BODY = YES;
				CLANG_WARN_ENUM_CONVERSION = YES;
				CLANG_WARN_INFINITE_RECURSION = YES;
				CLANG_WARN_INT_CONVERSION = YES;
				CLANG_WARN_NON_LITERAL_NULL_CONVERSION = YES;
				CLANG_WARN_OBJC_IMPLICIT_RETAIN_SELF = YES;
				CLANG_WARN_OBJC_LITERAL_CONVERSION = YES;
				CLANG_WARN_OBJC_ROOT_CLASS = YES_ERROR;
				CLANG_WARN_QUOTED_INCLUDE_IN_FRAMEWORK_HEADER = YES;
				CLANG_WARN_RANGE_LOOP_ANALYSIS = YES;
				CLANG_WARN_STRICT_PROTOTYPES = YES;
				CLANG_WARN_SUSPICIOUS_MOVE = YES;
				CLANG_WARN_UNGUARDED_AVAILABILITY = YES_AGGRESSIVE;
				CLANG_WARN_UNREACHABLE_CODE = YES;
				CLANG_WARN__DUPLICATE_METHOD_MATCH = YES;
				COPY_PHASE_STRIP = NO;
				DEBUG_INFORMATION_FORMAT = dwarf;
				ENABLE_STRICT_OBJC_MSGSEND = YES;
				ENABLE_TESTABILITY = YES;
				GCC_C_LANGUAGE_STANDARD = gnu11;
				GCC_DYNAMIC_NO_PIC = NO;
				GCC_NO_COMMON_BLOCKS = YES;
				GCC_OPTIMIZATION_LEVEL = 0;
				GCC_PREPROCESSOR_DEFINITIONS = (
					"DEBUG=1",
					"$(inherited)",
				);
				GCC_WARN_64_TO_32_BIT_CONVERSION = YES;
				GCC_WARN_ABOUT_RETURN_TYPE = YES_ERROR;
				GCC_WARN_UNDECLARED_SELECTOR = YES;
				GCC_WARN_UNINITIALIZED_AUTOS = YES_AGGRESSIVE;
				GCC_WARN_UNUSED_FUNCTION = YES;
				GCC_WARN_UNUSED_VARIABLE = YES;
				IPHONEOS_DEPLOYMENT_TARGET = 13.0;
				MTL_ENABLE_DEBUG_INFO = INCLUDE_SOURCE;
				MTL_FAST_MATH = YES;
				ONLY_ACTIVE_ARCH = YES;
				SDKROOT = iphoneos;
				SWIFT_ACTIVE_COMPILATION_CONDITIONS = DEBUG;
				SWIFT_OPTIMIZATION_LEVEL = "-Onone";
			};
			name = Debug;
		};
		9B0CC7B22904063500AD5F7C /* Release */ = {
			isa = XCBuildConfiguration;
			buildSettings = {
				ALWAYS_SEARCH_USER_PATHS = NO;
				CLANG_ANALYZER_NONNULL = YES;
				CLANG_ANALYZER_NUMBER_OBJECT_CONVERSION = YES_AGGRESSIVE;
				CLANG_CXX_LANGUAGE_STANDARD = "gnu++20";
				CLANG_ENABLE_MODULES = YES;
				CLANG_ENABLE_OBJC_ARC = YES;
				CLANG_ENABLE_OBJC_WEAK = YES;
				CLANG_WARN_BLOCK_CAPTURE_AUTORELEASING = YES;
				CLANG_WARN_BOOL_CONVERSION = YES;
				CLANG_WARN_COMMA = YES;
				CLANG_WARN_CONSTANT_CONVERSION = YES;
				CLANG_WARN_DEPRECATED_OBJC_IMPLEMENTATIONS = YES;
				CLANG_WARN_DIRECT_OBJC_ISA_USAGE = YES_ERROR;
				CLANG_WARN_DOCUMENTATION_COMMENTS = YES;
				CLANG_WARN_EMPTY_BODY = YES;
				CLANG_WARN_ENUM_CONVERSION = YES;
				CLANG_WARN_INFINITE_RECURSION = YES;
				CLANG_WARN_INT_CONVERSION = YES;
				CLANG_WARN_NON_LITERAL_NULL_CONVERSION = YES;
				CLANG_WARN_OBJC_IMPLICIT_RETAIN_SELF = YES;
				CLANG_WARN_OBJC_LITERAL_CONVERSION = YES;
				CLANG_WARN_OBJC_ROOT_CLASS = YES_ERROR;
				CLANG_WARN_QUOTED_INCLUDE_IN_FRAMEWORK_HEADER = YES;
				CLANG_WARN_RANGE_LOOP_ANALYSIS = YES;
				CLANG_WARN_STRICT_PROTOTYPES = YES;
				CLANG_WARN_SUSPICIOUS_MOVE = YES;
				CLANG_WARN_UNGUARDED_AVAILABILITY = YES_AGGRESSIVE;
				CLANG_WARN_UNREACHABLE_CODE = YES;
				CLANG_WARN__DUPLICATE_METHOD_MATCH = YES;
				COPY_PHASE_STRIP = NO;
				DEBUG_INFORMATION_FORMAT = "dwarf-with-dsym";
				ENABLE_NS_ASSERTIONS = NO;
				ENABLE_STRICT_OBJC_MSGSEND = YES;
				GCC_C_LANGUAGE_STANDARD = gnu11;
				GCC_NO_COMMON_BLOCKS = YES;
				GCC_WARN_64_TO_32_BIT_CONVERSION = YES;
				GCC_WARN_ABOUT_RETURN_TYPE = YES_ERROR;
				GCC_WARN_UNDECLARED_SELECTOR = YES;
				GCC_WARN_UNINITIALIZED_AUTOS = YES_AGGRESSIVE;
				GCC_WARN_UNUSED_FUNCTION = YES;
				GCC_WARN_UNUSED_VARIABLE = YES;
				IPHONEOS_DEPLOYMENT_TARGET = 13.0;
				MTL_ENABLE_DEBUG_INFO = NO;
				MTL_FAST_MATH = YES;
				SDKROOT = iphoneos;
				SWIFT_COMPILATION_MODE = wholemodule;
				SWIFT_OPTIMIZATION_LEVEL = "-O";
				VALIDATE_PRODUCT = YES;
			};
			name = Release;
		};
		9B0CC7B42904063500AD5F7C /* Debug */ = {
			isa = XCBuildConfiguration;
			buildSettings = {
				ASSETCATALOG_COMPILER_APPICON_NAME = AppIcon;
				ASSETCATALOG_COMPILER_GLOBAL_ACCENT_COLOR_NAME = AccentColor;
				CODE_SIGN_STYLE = Automatic;
				CURRENT_PROJECT_VERSION = 1;
				DEVELOPMENT_TEAM = 89LF288Q8X;
				GENERATE_INFOPLIST_FILE = YES;
				INFOPLIST_FILE = AvitoEmployeesApp/Info.plist;
				INFOPLIST_KEY_UIApplicationSupportsIndirectInputEvents = YES;
				INFOPLIST_KEY_UILaunchStoryboardName = LaunchScreen;
				INFOPLIST_KEY_UISupportedInterfaceOrientations = "UIInterfaceOrientationLandscapeLeft UIInterfaceOrientationLandscapeRight UIInterfaceOrientationPortrait";
				INFOPLIST_KEY_UISupportedInterfaceOrientations_iPad = "UIInterfaceOrientationLandscapeLeft UIInterfaceOrientationLandscapeRight UIInterfaceOrientationPortrait UIInterfaceOrientationPortraitUpsideDown";
				IPHONEOS_DEPLOYMENT_TARGET = 13.0;
				LD_RUNPATH_SEARCH_PATHS = (
					"$(inherited)",
					"@executable_path/Frameworks",
				);
				MARKETING_VERSION = 1.0;
				PRODUCT_BUNDLE_IDENTIFIER = com.piggyback13.AvitoEmployeesApp;
				PRODUCT_NAME = "$(TARGET_NAME)";
				SWIFT_EMIT_LOC_STRINGS = YES;
				SWIFT_VERSION = 5.0;
				TARGETED_DEVICE_FAMILY = "1,2";
			};
			name = Debug;
		};
		9B0CC7B52904063500AD5F7C /* Release */ = {
			isa = XCBuildConfiguration;
			buildSettings = {
				ASSETCATALOG_COMPILER_APPICON_NAME = AppIcon;
				ASSETCATALOG_COMPILER_GLOBAL_ACCENT_COLOR_NAME = AccentColor;
				CODE_SIGN_STYLE = Automatic;
				CURRENT_PROJECT_VERSION = 1;
				DEVELOPMENT_TEAM = 89LF288Q8X;
				GENERATE_INFOPLIST_FILE = YES;
				INFOPLIST_FILE = AvitoEmployeesApp/Info.plist;
				INFOPLIST_KEY_UIApplicationSupportsIndirectInputEvents = YES;
				INFOPLIST_KEY_UILaunchStoryboardName = LaunchScreen;
				INFOPLIST_KEY_UISupportedInterfaceOrientations = "UIInterfaceOrientationLandscapeLeft UIInterfaceOrientationLandscapeRight UIInterfaceOrientationPortrait";
				INFOPLIST_KEY_UISupportedInterfaceOrientations_iPad = "UIInterfaceOrientationLandscapeLeft UIInterfaceOrientationLandscapeRight UIInterfaceOrientationPortrait UIInterfaceOrientationPortraitUpsideDown";
				IPHONEOS_DEPLOYMENT_TARGET = 13.0;
				LD_RUNPATH_SEARCH_PATHS = (
					"$(inherited)",
					"@executable_path/Frameworks",
				);
				MARKETING_VERSION = 1.0;
				PRODUCT_BUNDLE_IDENTIFIER = com.piggyback13.AvitoEmployeesApp;
				PRODUCT_NAME = "$(TARGET_NAME)";
				SWIFT_EMIT_LOC_STRINGS = YES;
				SWIFT_VERSION = 5.0;
				TARGETED_DEVICE_FAMILY = "1,2";
			};
			name = Release;
		};
/* End XCBuildConfiguration section */

/* Begin XCConfigurationList section */
		9B0CC79A2904063500AD5F7C /* Build configuration list for PBXProject "AvitoEmployeesApp" */ = {
			isa = XCConfigurationList;
			buildConfigurations = (
				9B0CC7B12904063500AD5F7C /* Debug */,
				9B0CC7B22904063500AD5F7C /* Release */,
			);
			defaultConfigurationIsVisible = 0;
			defaultConfigurationName = Release;
		};
		9B0CC7B32904063500AD5F7C /* Build configuration list for PBXNativeTarget "AvitoEmployeesApp" */ = {
			isa = XCConfigurationList;
			buildConfigurations = (
				9B0CC7B42904063500AD5F7C /* Debug */,
				9B0CC7B52904063500AD5F7C /* Release */,
			);
			defaultConfigurationIsVisible = 0;
			defaultConfigurationName = Release;
		};
/* End XCConfigurationList section */
	};
	rootObject = 9B0CC7972904063500AD5F7C /* Project object */;
}
